<?xml version="1.0" encoding="utf-8"?>
<Project ToolsVersion="4.0" xmlns="http://schemas.microsoft.com/developer/msbuild/2003">
  <ItemGroup>
    <Filter Include="General">
      <UniqueIdentifier>{c4f2c880-76d9-426a-ab17-b8291ed80108}</UniqueIdentifier>
    </Filter>
    <Filter Include="General\Resources">
      <UniqueIdentifier>{5c24d91c-b9b7-4d23-b81c-236d2da7024f}</UniqueIdentifier>
    </Filter>
    <Filter Include="Interfaces">
      <UniqueIdentifier>{ae43ae20-8cbb-4d4b-a534-ddfa10596882}</UniqueIdentifier>
    </Filter>
    <Filter Include="Interfaces\Sound">
      <UniqueIdentifier>{d4edcd7b-5aa5-46bc-a5dc-0e0d1376ff8a}</UniqueIdentifier>
    </Filter>
    <Filter Include="Interfaces\Input">
      <UniqueIdentifier>{6dc19bb1-22c9-475d-9cee-38ececb53ac1}</UniqueIdentifier>
    </Filter>
    <Filter Include="Interfaces\Sheduler">
      <UniqueIdentifier>{74b7fcb2-157c-4aed-bf02-8f148a45d3ea}</UniqueIdentifier>
    </Filter>
    <Filter Include="Interfaces\Render">
      <UniqueIdentifier>{7017bf8a-25b4-4a9f-8a34-bba55ba8bd62}</UniqueIdentifier>
    </Filter>
    <Filter Include="Interfaces\SPATIAL">
      <UniqueIdentifier>{ced6df32-0cae-43ac-9c44-7264855f4583}</UniqueIdentifier>
    </Filter>
    <Filter Include="Interfaces\Collidable">
      <UniqueIdentifier>{ba733a05-00e6-40e9-8ab6-c7a4ab0dcf53}</UniqueIdentifier>
    </Filter>
    <Filter Include="Interfaces\Physics">
      <UniqueIdentifier>{dd0e717d-ef6c-4c9e-9356-00a1559c3c1a}</UniqueIdentifier>
    </Filter>
    <Filter Include="Game API">
      <UniqueIdentifier>{fdaae09e-d442-4303-9e42-02c1c4bd417c}</UniqueIdentifier>
    </Filter>
    <Filter Include="Game API\Objects">
      <UniqueIdentifier>{db223d82-46e4-4862-99ff-0ca1f5390d77}</UniqueIdentifier>
    </Filter>
    <Filter Include="Game API\HUD">
      <UniqueIdentifier>{9e6c81c3-c0da-4fa6-a8cb-50c7b3b085d1}</UniqueIdentifier>
    </Filter>
    <Filter Include="Game API\Environment">
      <UniqueIdentifier>{841a48f0-4426-4838-815f-0f16308e5abb}</UniqueIdentifier>
    </Filter>
    <Filter Include="Game API\Environment\Effects">
      <UniqueIdentifier>{5e1c7bd7-c679-4678-99db-722de191dcb2}</UniqueIdentifier>
    </Filter>
    <Filter Include="Game API\Cameras">
      <UniqueIdentifier>{eb43974f-ca6d-466b-8c80-b43af2699f06}</UniqueIdentifier>
    </Filter>
    <Filter Include="Game API\Collision">
      <UniqueIdentifier>{44c4a530-35e6-4b8f-9a59-a4ef17bda265}</UniqueIdentifier>
    </Filter>
    <Filter Include="Game API\Animator">
      <UniqueIdentifier>{f748b5f7-5ee1-49b3-bed3-ca741597115c}</UniqueIdentifier>
    </Filter>
    <Filter Include="Game API\Feelers">
      <UniqueIdentifier>{8ec813c0-1c00-484e-a686-5e92c51bdf17}</UniqueIdentifier>
    </Filter>
    <Filter Include="Game API\Demo">
      <UniqueIdentifier>{9fc6bad8-9bd8-408c-8df1-447866c5cbf4}</UniqueIdentifier>
    </Filter>
    <Filter Include="Game API\GameMaterials">
      <UniqueIdentifier>{c5274d3e-5eae-440e-8f2c-895872ac0f2e}</UniqueIdentifier>
    </Filter>
    <Filter Include="Render">
      <UniqueIdentifier>{502dcdc3-133e-4ff9-b7bf-fb3698ba3de2}</UniqueIdentifier>
    </Filter>
    <Filter Include="Render\Visuals">
      <UniqueIdentifier>{28ff4f56-8e67-4520-afb1-b30929d5081d}</UniqueIdentifier>
    </Filter>
    <Filter Include="Render\Visuals\Skeleton">
      <UniqueIdentifier>{8ac6269f-659a-4cb7-afe3-ae6c4d0a244b}</UniqueIdentifier>
    </Filter>
    <Filter Include="Render\Visibility">
      <UniqueIdentifier>{57c99950-1fd5-41d4-83ed-602a821a1a79}</UniqueIdentifier>
    </Filter>
    <Filter Include="Render\Visibility\Frustum">
      <UniqueIdentifier>{22331224-e25a-47fd-86a3-dc99137a37b6}</UniqueIdentifier>
    </Filter>
    <Filter Include="Render\Particle system">
      <UniqueIdentifier>{8bed5889-c45c-4ef4-b378-d3f35de81464}</UniqueIdentifier>
    </Filter>
    <Filter Include="Render\Lighting">
      <UniqueIdentifier>{4a69d3b7-e956-461c-a6e9-ee853311b317}</UniqueIdentifier>
    </Filter>
    <Filter Include="Render\Font output">
      <UniqueIdentifier>{9adb3360-51bf-43fc-83a2-52f76f191da3}</UniqueIdentifier>
    </Filter>
    <Filter Include="Render\Execution &amp; 3D">
      <UniqueIdentifier>{c3ccb06d-1871-446f-b348-1382af42451c}</UniqueIdentifier>
    </Filter>
    <Filter Include="Render\Execution &amp; 3D\Shaders">
      <UniqueIdentifier>{0dd6e610-9bc7-484b-a9b0-976e6ed0b04c}</UniqueIdentifier>
    </Filter>
    <Filter Include="Render\Execution &amp; 3D\Shaders\Textures">
      <UniqueIdentifier>{32e077a1-428b-4fd4-8723-864cbc13c0e4}</UniqueIdentifier>
    </Filter>
    <Filter Include="Render\Execution &amp; 3D\TextConsole">
      <UniqueIdentifier>{4b8d667a-b3b9-4550-bc0a-cc9855f420db}</UniqueIdentifier>
    </Filter>
    <Filter Include="Engine">
      <UniqueIdentifier>{42ebba30-bcaf-4813-8d02-45883e8e2a05}</UniqueIdentifier>
    </Filter>
    <Filter Include="Engine\Collision Core">
      <UniqueIdentifier>{c51edbb7-314c-4d4a-affa-c7a759b60e48}</UniqueIdentifier>
    </Filter>
    <Filter Include="Engine\Console">
      <UniqueIdentifier>{5f6ac83c-0df5-4afd-8cf9-3df0ab8ebf1c}</UniqueIdentifier>
    </Filter>
    <Filter Include="Engine\Console\commands">
      <UniqueIdentifier>{a81610c8-40e5-46a5-8be2-52bad411025f}</UniqueIdentifier>
    </Filter>
    <Filter Include="Engine\Core">
      <UniqueIdentifier>{0f662bb5-302b-45d1-bcb7-76eab3e84ef3}</UniqueIdentifier>
    </Filter>
    <Filter Include="Engine\Core\Scripting">
      <UniqueIdentifier>{ef52dd32-dcfb-4fdf-b173-6beb3fd125f4}</UniqueIdentifier>
    </Filter>
    <Filter Include="Engine\Noise">
      <UniqueIdentifier>{b6b7492a-1122-465a-9d68-291b0f2bfef8}</UniqueIdentifier>
    </Filter>
    <Filter Include="Engine\text_editor">
      <UniqueIdentifier>{17347d57-e547-4f24-8dae-9ac5afe00f49}</UniqueIdentifier>
    </Filter>
    <Filter Include="Engine\text_editor\line_editor">
      <UniqueIdentifier>{dcf551ef-c841-4222-b1d8-985ab5cd54c4}</UniqueIdentifier>
    </Filter>
    <Filter Include="Engine\text_editor\line_editor_control">
      <UniqueIdentifier>{0d8aae80-0680-4212-808b-c99cc00c8eef}</UniqueIdentifier>
    </Filter>
    <Filter Include="Engine\text_editor\edit_actions">
      <UniqueIdentifier>{8a170551-337a-42de-8672-8fe0b5f2dbdc}</UniqueIdentifier>
    </Filter>
    <Filter Include="RenderRef">
      <UniqueIdentifier>{884729ee-240f-4c28-b17b-09352aa6f8e2}</UniqueIdentifier>
    </Filter>
    <Filter Include="RenderRef\Execution &amp; 3D">
      <UniqueIdentifier>{a9c0d01d-14fd-452f-9d28-ded16c034686}</UniqueIdentifier>
    </Filter>
    <Filter Include="RenderRef\Execution &amp; 3D\Device">
      <UniqueIdentifier>{19e7e494-77b3-4e9c-88db-8c253d1b7608}</UniqueIdentifier>
    </Filter>
    <Filter Include="RenderRef\Execution &amp; 3D\Visuals">
      <UniqueIdentifier>{70ea6279-4f02-4649-8cde-2cc8b4a087e3}</UniqueIdentifier>
    </Filter>
    <Filter Include="RenderRef\Execution &amp; 3D\Visuals\Skeleton">
      <UniqueIdentifier>{6570fb25-b399-456c-97fd-7f7c8acb91b6}</UniqueIdentifier>
    </Filter>
    <Filter Include="RenderRef\doug_lea_memory_allocator">
      <UniqueIdentifier>{4c4227e1-bf0b-48eb-8696-185efba8b964}</UniqueIdentifier>
    </Filter>
    <Filter Include="editor">
      <UniqueIdentifier>{0645f8e3-c3c4-4242-a01e-70cc499395d8}</UniqueIdentifier>
    </Filter>
    <Filter Include="editor\engine_impl">
      <UniqueIdentifier>{688598d2-77e8-4eb8-abd7-44f34f30f001}</UniqueIdentifier>
    </Filter>
    <Filter Include="editor\environment">
      <UniqueIdentifier>{66867098-450a-4b26-986f-7ffe78c854d3}</UniqueIdentifier>
    </Filter>
    <Filter Include="editor\environment\suns_manager">
      <UniqueIdentifier>{08717078-c0f8-4dd2-be5b-af71de2e07da}</UniqueIdentifier>
    </Filter>
    <Filter Include="editor\environment\suns_manager\sun">
      <UniqueIdentifier>{eb8702a3-d25f-4914-aa97-f8fcdfe15dd5}</UniqueIdentifier>
    </Filter>
    <Filter Include="editor\environment\suns_manager\sun\gradient">
      <UniqueIdentifier>{52dbf828-108d-4e64-a9cd-6602dda98d63}</UniqueIdentifier>
    </Filter>
    <Filter Include="editor\environment\suns_manager\sun\blend">
      <UniqueIdentifier>{ac8198d9-2f1d-481f-8d3b-122f129f2b7c}</UniqueIdentifier>
    </Filter>
    <Filter Include="editor\environment\suns_manager\sun\flares">
      <UniqueIdentifier>{99a2ebfd-3ca4-40b3-b3c7-e5020f6ea1ad}</UniqueIdentifier>
    </Filter>
    <Filter Include="editor\environment\suns_manager\sun\flares\flare">
      <UniqueIdentifier>{41a58d5d-bfb8-4397-a83b-a28dac21e909}</UniqueIdentifier>
    </Filter>
    <Filter Include="editor\environment\levels_manager">
      <UniqueIdentifier>{4c7b9049-8ac6-42e5-9e21-630738a3ec8f}</UniqueIdentifier>
    </Filter>
    <Filter Include="editor\environment\effects_manager">
      <UniqueIdentifier>{229b143b-9716-4a86-b215-583e94b7cf07}</UniqueIdentifier>
    </Filter>
    <Filter Include="editor\environment\effects_manager\effect">
      <UniqueIdentifier>{6e0d4543-480e-4155-8c91-1adb48ded649}</UniqueIdentifier>
    </Filter>
    <Filter Include="editor\environment\sound_channels_manager">
      <UniqueIdentifier>{d6c1ba2c-f3eb-45a1-a6c6-5c4a3c3c9a83}</UniqueIdentifier>
    </Filter>
    <Filter Include="editor\environment\sound_channels_manager\channel">
      <UniqueIdentifier>{3242d460-3301-45bd-bb7a-76b9fbd7bba0}</UniqueIdentifier>
    </Filter>
    <Filter Include="editor\environment\sound_channels_manager\channel\source">
      <UniqueIdentifier>{e51c780b-8801-4cde-aa1c-c5f97e777ed8}</UniqueIdentifier>
    </Filter>
    <Filter Include="editor\environment\manager">
      <UniqueIdentifier>{443361f5-a488-4287-9fb4-98c7c40b72ec}</UniqueIdentifier>
    </Filter>
    <Filter Include="editor\environment\ambients">
      <UniqueIdentifier>{ec134d6a-7c3f-4183-b302-163fb63cfe9e}</UniqueIdentifier>
    </Filter>
    <Filter Include="editor\environment\ambients\ambient">
      <UniqueIdentifier>{16ce01f6-c7a8-4a7a-9bc5-92e3bf3305d2}</UniqueIdentifier>
    </Filter>
    <Filter Include="editor\environment\ambients\ambient\effect_id">
      <UniqueIdentifier>{6f2fc00b-8138-49f1-99f2-c304e91f91eb}</UniqueIdentifier>
    </Filter>
    <Filter Include="editor\environment\ambients\ambient\sound_id">
      <UniqueIdentifier>{44f33aa9-2abf-41e3-9d40-f95d452fdddd}</UniqueIdentifier>
    </Filter>
    <Filter Include="editor\environment\thunderbolts">
      <UniqueIdentifier>{098c349f-1aeb-457e-8cfb-1f35c09bc1b0}</UniqueIdentifier>
    </Filter>
    <Filter Include="editor\environment\thunderbolts\thunderbolt">
      <UniqueIdentifier>{0dc54324-ddbf-4c0c-a58f-c0a4222cba18}</UniqueIdentifier>
    </Filter>
    <Filter Include="editor\environment\thunderbolts\thunderbolt\gradient">
      <UniqueIdentifier>{4453e363-5b06-4147-9d95-8cc1a4c76903}</UniqueIdentifier>
    </Filter>
    <Filter Include="editor\environment\thunderbolts\thunderbolt_id">
      <UniqueIdentifier>{194c8b5e-a88a-4471-aeb6-c7dfbb895900}</UniqueIdentifier>
    </Filter>
    <Filter Include="editor\environment\thunderbolts\collection">
      <UniqueIdentifier>{52dd32c3-81a9-483b-82a1-b4a393d62ba7}</UniqueIdentifier>
    </Filter>
    <Filter Include="editor\environment\weathers">
      <UniqueIdentifier>{a56dccce-866a-4fa4-8584-b1f3b066d529}</UniqueIdentifier>
    </Filter>
    <Filter Include="editor\environment\weathers\weather">
      <UniqueIdentifier>{7d43435d-b600-4b1a-875e-cc2f3009c6f0}</UniqueIdentifier>
    </Filter>
    <Filter Include="editor\environment\weathers\weather\time">
      <UniqueIdentifier>{4ec36af9-c2a2-4e12-b2e4-aacf17f34de8}</UniqueIdentifier>
    </Filter>
    <Filter Include="editor\environment\detail">
      <UniqueIdentifier>{bf69c772-5cd9-482d-bd8a-bbd00020da4b}</UniqueIdentifier>
    </Filter>
    <Filter Include="editor\property_collection">
      <UniqueIdentifier>{724f9605-f6a9-4583-80f0-a0d62bccface}</UniqueIdentifier>
    </Filter>
    <Filter Include="editor\ide">
      <UniqueIdentifier>{4bc5ff90-4c79-4477-80b1-d8f863d29c6c}</UniqueIdentifier>
    </Filter>
    <Filter Include="OpenAutomate">
      <UniqueIdentifier>{51a736b8-0312-4938-8be8-87d07f31a179}</UniqueIdentifier>
    </Filter>
  </ItemGroup>
  <ItemGroup>
    <ClInclude Include="_d3d_extensions.h">
      <Filter>General</Filter>
    </ClInclude>
    <ClInclude Include="CopyProtection.h">
      <Filter>General</Filter>
    </ClInclude>
    <ClInclude Include="dedicated_server_only.h">
      <Filter>General</Filter>
    </ClInclude>
    <ClInclude Include="defines.h">
      <Filter>General</Filter>
    </ClInclude>
    <ClInclude Include="mp_logging.h">
      <Filter>General</Filter>
    </ClInclude>
    <ClInclude Include="no_single.h">
      <Filter>General</Filter>
    </ClInclude>
    <ClInclude Include="stdafx.h">
      <Filter>General</Filter>
    </ClInclude>
    <ClInclude Include="trivial_encryptor.h">
      <Filter>General</Filter>
    </ClInclude>
    <ClInclude Include="x_ray.h">
      <Filter>General</Filter>
    </ClInclude>
    <ClInclude Include="resource.h">
      <Filter>General\Resources</Filter>
    </ClInclude>
    <ClInclude Include="psystem.h">
      <Filter>Interfaces</Filter>
    </ClInclude>
    <ClInclude Include="IInputReceiver.h">
      <Filter>Interfaces\Input</Filter>
    </ClInclude>
    <ClInclude Include="xr_input.h">
      <Filter>Interfaces\Input</Filter>
    </ClInclude>
    <ClInclude Include="xr_input_xinput.h">
      <Filter>Interfaces\Input</Filter>
    </ClInclude>
    <ClInclude Include="ISheduled.h">
      <Filter>Interfaces\Sheduler</Filter>
    </ClInclude>
    <ClInclude Include="xrSheduler.h">
      <Filter>Interfaces\Sheduler</Filter>
    </ClInclude>
    <ClInclude Include="IRenderable.h">
      <Filter>Interfaces\Render</Filter>
    </ClInclude>
    <ClInclude Include="Render.h">
      <Filter>Interfaces\Render</Filter>
    </ClInclude>
    <ClInclude Include="ISpatial.h">
      <Filter>Interfaces\SPATIAL</Filter>
    </ClInclude>
    <ClInclude Include="ICollidable.h">
      <Filter>Interfaces\Collidable</Filter>
    </ClInclude>
    <ClInclude Include="IObjectPhysicsCollision.h">
      <Filter>Interfaces\Physics</Filter>
    </ClInclude>
    <ClInclude Include="IPHdebug.h">
      <Filter>Interfaces\Physics</Filter>
    </ClInclude>
    <ClInclude Include="IPhysicsGeometry.h">
      <Filter>Interfaces\Physics</Filter>
    </ClInclude>
    <ClInclude Include="IPhysicsShell.h">
      <Filter>Interfaces\Physics</Filter>
    </ClInclude>
    <ClInclude Include="IGame_Level.h">
      <Filter>Game API</Filter>
    </ClInclude>
    <ClInclude Include="IGame_Persistent.h">
      <Filter>Game API</Filter>
    </ClInclude>
    <ClInclude Include="xrLevel.h">
      <Filter>Game API</Filter>
    </ClInclude>
    <ClInclude Include="IGame_ObjectPool.h">
      <Filter>Game API\Objects</Filter>
    </ClInclude>
    <ClInclude Include="pure_relcase.h">
      <Filter>Game API\Objects</Filter>
    </ClInclude>
    <ClInclude Include="xr_object.h">
      <Filter>Game API\Objects</Filter>
    </ClInclude>
    <ClInclude Include="xr_object_list.h">
      <Filter>Game API\Objects</Filter>
    </ClInclude>
    <ClInclude Include="CustomHUD.h">
      <Filter>Game API\HUD</Filter>
    </ClInclude>
    <ClInclude Include="Environment.h">
      <Filter>Game API\Environment</Filter>
    </ClInclude>
    <ClInclude Include="xrHemisphere.h">
      <Filter>Game API\Environment</Filter>
    </ClInclude>
    <ClInclude Include="Rain.h">
      <Filter>Game API\Environment\Effects</Filter>
    </ClInclude>
    <ClInclude Include="thunderbolt.h">
      <Filter>Game API\Environment\Effects</Filter>
    </ClInclude>
    <ClInclude Include="xr_efflensflare.h">
      <Filter>Game API\Environment\Effects</Filter>
    </ClInclude>
    <ClInclude Include="CameraBase.h">
      <Filter>Game API\Cameras</Filter>
    </ClInclude>
    <ClInclude Include="CameraDefs.h">
      <Filter>Game API\Cameras</Filter>
    </ClInclude>
    <ClInclude Include="CameraManager.h">
      <Filter>Game API\Cameras</Filter>
    </ClInclude>
    <ClInclude Include="Effector.h">
      <Filter>Game API\Cameras</Filter>
    </ClInclude>
    <ClInclude Include="EffectorPP.h">
      <Filter>Game API\Cameras</Filter>
    </ClInclude>
    <ClInclude Include="cf_dynamic_mesh.h">
      <Filter>Game API\Collision</Filter>
    </ClInclude>
    <ClInclude Include="xr_area.h">
      <Filter>Game API\Collision</Filter>
    </ClInclude>
    <ClInclude Include="xr_collide_defs.h">
      <Filter>Game API\Collision</Filter>
    </ClInclude>
    <ClInclude Include="xr_collide_form.h">
      <Filter>Game API\Collision</Filter>
    </ClInclude>
    <ClInclude Include="bone.h">
      <Filter>Game API\Animator</Filter>
    </ClInclude>
    <ClInclude Include="envelope.h">
      <Filter>Game API\Animator</Filter>
    </ClInclude>
    <ClInclude Include="motion.h">
      <Filter>Game API\Animator</Filter>
    </ClInclude>
    <ClInclude Include="ObjectAnimator.h">
      <Filter>Game API\Animator</Filter>
    </ClInclude>
    <ClInclude Include="Feel_Sound.h">
      <Filter>Game API\Feelers</Filter>
    </ClInclude>
    <ClInclude Include="Feel_Touch.h">
      <Filter>Game API\Feelers</Filter>
    </ClInclude>
    <ClInclude Include="Feel_Vision.h">
      <Filter>Game API\Feelers</Filter>
    </ClInclude>
    <ClInclude Include="FDemoPlay.h">
      <Filter>Game API\Demo</Filter>
    </ClInclude>
    <ClInclude Include="FDemoRecord.h">
      <Filter>Game API\Demo</Filter>
    </ClInclude>
    <ClInclude Include="GameMtlLib.h">
      <Filter>Game API\GameMaterials</Filter>
    </ClInclude>
    <ClInclude Include="EnnumerateVertices.h">
      <Filter>Render\Visuals\Skeleton</Filter>
    </ClInclude>
    <ClInclude Include="vis_common.h">
      <Filter>Render\Visibility</Filter>
    </ClInclude>
    <ClInclude Include="Frustum.h">
      <Filter>Render\Visibility\Frustum</Filter>
    </ClInclude>
    <ClInclude Include="PS_instance.h">
      <Filter>Render\Particle system</Filter>
    </ClInclude>
    <ClInclude Include="LightAnimLibrary.h">
      <Filter>Render\Lighting</Filter>
    </ClInclude>
    <ClInclude Include="GameFont.h">
      <Filter>Render\Font output</Filter>
    </ClInclude>
    <ClInclude Include="MbHelpers.h">
      <Filter>Render\Font output</Filter>
    </ClInclude>
    <ClInclude Include="Shader_xrLC.h">
      <Filter>Render\Execution &amp; 3D\Shaders</Filter>
    </ClInclude>
    <ClInclude Include="WaveForm.h">
      <Filter>Render\Execution &amp; 3D\Shaders</Filter>
    </ClInclude>
    <ClInclude Include="tntQAVI.h">
      <Filter>Render\Execution &amp; 3D\Shaders\Textures</Filter>
    </ClInclude>
    <ClInclude Include="xrImage_Resampler.h">
      <Filter>Render\Execution &amp; 3D\Shaders\Textures</Filter>
    </ClInclude>
    <ClInclude Include="xrTheora_Stream.h">
      <Filter>Render\Execution &amp; 3D\Shaders\Textures</Filter>
    </ClInclude>
    <ClInclude Include="xrTheora_Surface.h">
      <Filter>Render\Execution &amp; 3D\Shaders\Textures</Filter>
    </ClInclude>
    <ClInclude Include="xrTheora_Surface_mmx.h">
      <Filter>Render\Execution &amp; 3D\Shaders\Textures</Filter>
    </ClInclude>
    <ClInclude Include="Text_Console.h">
      <Filter>Render\Execution &amp; 3D\TextConsole</Filter>
    </ClInclude>
    <ClInclude Include="Properties.h">
      <Filter>Engine</Filter>
    </ClInclude>
    <ClInclude Include="pure.h">
      <Filter>Engine</Filter>
    </ClInclude>
    <ClInclude Include="std_classes.h">
      <Filter>Engine</Filter>
    </ClInclude>
    <ClInclude Include="cl_intersect.h">
      <Filter>Engine\Collision Core</Filter>
    </ClInclude>
    <ClInclude Include="xrXRC.h">
      <Filter>Engine\Collision Core</Filter>
    </ClInclude>
    <ClInclude Include="XR_IOConsole.h">
      <Filter>Engine\Console</Filter>
    </ClInclude>
    <ClInclude Include="xr_ioc_cmd.h">
      <Filter>Engine\Console\commands</Filter>
    </ClInclude>
    <ClInclude Include="Engine.h">
      <Filter>Engine\Core</Filter>
    </ClInclude>
    <ClInclude Include="EngineAPI.h">
      <Filter>Engine\Core</Filter>
    </ClInclude>
    <ClInclude Include="EventAPI.h">
      <Filter>Engine\Core</Filter>
    </ClInclude>
    <ClInclude Include="ai_script_lua_extension.h">
      <Filter>Engine\Core\Scripting</Filter>
    </ClInclude>
    <ClInclude Include="ai_script_lua_space.h">
      <Filter>Engine\Core\Scripting</Filter>
    </ClInclude>
    <ClInclude Include="ai_script_space.h">
      <Filter>Engine\Core\Scripting</Filter>
    </ClInclude>
    <ClInclude Include="perlin.h">
      <Filter>Engine\Noise</Filter>
    </ClInclude>
    <ClInclude Include="line_editor.h">
      <Filter>Engine\text_editor\line_editor</Filter>
    </ClInclude>
    <ClInclude Include="line_edit_control.h">
      <Filter>Engine\text_editor\line_editor_control</Filter>
    </ClInclude>
    <ClInclude Include="edit_actions.h">
      <Filter>Engine\text_editor\edit_actions</Filter>
    </ClInclude>
    <ClInclude Include="device.h">
      <Filter>RenderRef\Execution &amp; 3D\Device</Filter>
    </ClInclude>
    <ClInclude Include="StatGraph.h">
      <Filter>RenderRef\Execution &amp; 3D\Device</Filter>
    </ClInclude>
    <ClInclude Include="Stats.h">
      <Filter>RenderRef\Execution &amp; 3D\Device</Filter>
    </ClInclude>
    <ClInclude Include="Fmesh.h">
      <Filter>RenderRef\Execution &amp; 3D\Visuals</Filter>
    </ClInclude>
    <ClInclude Include="SkeletonMotionDefs.h">
      <Filter>RenderRef\Execution &amp; 3D\Visuals\Skeleton</Filter>
    </ClInclude>
    <ClInclude Include="SkeletonMotions.h">
      <Filter>RenderRef\Execution &amp; 3D\Visuals\Skeleton</Filter>
    </ClInclude>
    <ClInclude Include="doug_lea_memory_allocator.h">
      <Filter>RenderRef\doug_lea_memory_allocator</Filter>
    </ClInclude>
    <ClInclude Include="engine_impl.hpp">
      <Filter>editor\engine_impl</Filter>
    </ClInclude>
    <ClInclude Include="editor_environment_suns_manager.hpp">
      <Filter>editor\environment\suns_manager</Filter>
    </ClInclude>
    <ClInclude Include="editor_environment_suns_sun.hpp">
      <Filter>editor\environment\suns_manager\sun</Filter>
    </ClInclude>
    <ClInclude Include="editor_environment_suns_gradient.hpp">
      <Filter>editor\environment\suns_manager\sun\gradient</Filter>
    </ClInclude>
    <ClInclude Include="editor_environment_suns_blend.hpp">
      <Filter>editor\environment\suns_manager\sun\blend</Filter>
    </ClInclude>
    <ClInclude Include="editor_environment_suns_flares.hpp">
      <Filter>editor\environment\suns_manager\sun\flares</Filter>
    </ClInclude>
    <ClInclude Include="editor_environment_suns_flare.hpp">
      <Filter>editor\environment\suns_manager\sun\flares\flare</Filter>
    </ClInclude>
    <ClInclude Include="editor_environment_levels_manager.hpp">
      <Filter>editor\environment\levels_manager</Filter>
    </ClInclude>
    <ClInclude Include="editor_environment_effects_manager.hpp">
      <Filter>editor\environment\effects_manager</Filter>
    </ClInclude>
    <ClInclude Include="editor_environment_effects_effect.hpp">
      <Filter>editor\environment\effects_manager\effect</Filter>
    </ClInclude>
    <ClInclude Include="editor_environment_sound_channels_manager.hpp">
      <Filter>editor\environment\sound_channels_manager</Filter>
    </ClInclude>
    <ClInclude Include="editor_environment_sound_channels_channel.hpp">
      <Filter>editor\environment\sound_channels_manager\channel</Filter>
    </ClInclude>
    <ClInclude Include="editor_environment_sound_channels_source.hpp">
      <Filter>editor\environment\sound_channels_manager\channel\source</Filter>
    </ClInclude>
    <ClInclude Include="editor_environment_manager.hpp">
      <Filter>editor\environment\manager</Filter>
    </ClInclude>
    <ClInclude Include="editor_environment_ambients_manager.hpp">
      <Filter>editor\environment\ambients</Filter>
    </ClInclude>
    <ClInclude Include="editor_environment_ambients_ambient.hpp">
      <Filter>editor\environment\ambients\ambient</Filter>
    </ClInclude>
    <ClInclude Include="editor_environment_ambients_effect_id.hpp">
      <Filter>editor\environment\ambients\ambient\effect_id</Filter>
    </ClInclude>
    <ClInclude Include="editor_environment_ambients_sound_id.hpp">
      <Filter>editor\environment\ambients\ambient\sound_id</Filter>
    </ClInclude>
    <ClInclude Include="editor_environment_thunderbolts_manager.hpp">
      <Filter>editor\environment\thunderbolts</Filter>
    </ClInclude>
    <ClInclude Include="editor_environment_thunderbolts_thunderbolt.hpp">
      <Filter>editor\environment\thunderbolts\thunderbolt</Filter>
    </ClInclude>
    <ClInclude Include="editor_environment_thunderbolts_gradient.hpp">
      <Filter>editor\environment\thunderbolts\thunderbolt\gradient</Filter>
    </ClInclude>
    <ClInclude Include="editor_environment_thunderbolts_thunderbolt_id.hpp">
      <Filter>editor\environment\thunderbolts\thunderbolt_id</Filter>
    </ClInclude>
    <ClInclude Include="editor_environment_thunderbolts_collection.hpp">
      <Filter>editor\environment\thunderbolts\collection</Filter>
    </ClInclude>
    <ClInclude Include="editor_environment_weathers_manager.hpp">
      <Filter>editor\environment\weathers</Filter>
    </ClInclude>
    <ClInclude Include="editor_environment_weathers_weather.hpp">
      <Filter>editor\environment\weathers\weather</Filter>
    </ClInclude>
    <ClInclude Include="editor_environment_weathers_time.hpp">
      <Filter>editor\environment\weathers\weather\time</Filter>
    </ClInclude>
    <ClInclude Include="editor_environment_detail.hpp">
      <Filter>editor\environment\detail</Filter>
    </ClInclude>
    <ClInclude Include="property_collection.hpp">
      <Filter>editor\property_collection</Filter>
    </ClInclude>
    <ClInclude Include="property_collection_forward.hpp">
      <Filter>editor\property_collection</Filter>
    </ClInclude>
    <ClInclude Include="property_collection_inline.hpp">
      <Filter>editor\property_collection</Filter>
    </ClInclude>
    <ClInclude Include="ide.hpp">
      <Filter>editor\ide</Filter>
    </ClInclude>
    <ClInclude Include="xrSASH.h">
      <Filter>OpenAutomate</Filter>
    </ClInclude>
  </ItemGroup>
  <ItemGroup>
    <ClCompile Include="defines.cpp">
      <Filter>General</Filter>
    </ClCompile>
    <ClCompile Include="stdafx.cpp">
      <Filter>General</Filter>
    </ClCompile>
    <ClCompile Include="x_ray.cpp">
      <Filter>General</Filter>
    </ClCompile>
    <ClCompile Include="IInputReceiver.cpp">
      <Filter>Interfaces\Input</Filter>
    </ClCompile>
    <ClCompile Include="Xr_input.cpp">
      <Filter>Interfaces\Input</Filter>
    </ClCompile>
    <ClCompile Include="xr_input_xinput.cpp">
      <Filter>Interfaces\Input</Filter>
    </ClCompile>
    <ClCompile Include="ISheduled.cpp">
      <Filter>Interfaces\Sheduler</Filter>
    </ClCompile>
    <ClCompile Include="xrSheduler.cpp">
      <Filter>Interfaces\Sheduler</Filter>
    </ClCompile>
    <ClCompile Include="IRenderable.cpp">
      <Filter>Interfaces\Render</Filter>
    </ClCompile>
    <ClCompile Include="Render.cpp">
      <Filter>Interfaces\Render</Filter>
    </ClCompile>
    <ClCompile Include="ISpatial.cpp">
      <Filter>Interfaces\SPATIAL</Filter>
    </ClCompile>
    <ClCompile Include="ISpatial_q_box.cpp">
      <Filter>Interfaces\SPATIAL</Filter>
    </ClCompile>
    <ClCompile Include="ISpatial_q_frustum.cpp">
      <Filter>Interfaces\SPATIAL</Filter>
    </ClCompile>
    <ClCompile Include="ISpatial_q_ray.cpp">
      <Filter>Interfaces\SPATIAL</Filter>
    </ClCompile>
    <ClCompile Include="ISpatial_verify.cpp">
      <Filter>Interfaces\SPATIAL</Filter>
    </ClCompile>
    <ClCompile Include="ICollidable.cpp">
      <Filter>Interfaces\Collidable</Filter>
    </ClCompile>
    <ClCompile Include="phdebug.cpp">
      <Filter>Interfaces\Physics</Filter>
    </ClCompile>
    <ClCompile Include="IGame_Level.cpp">
      <Filter>Game API</Filter>
    </ClCompile>
    <ClCompile Include="IGame_Level_check_textures.cpp">
      <Filter>Game API</Filter>
    </ClCompile>
    <ClCompile Include="IGame_Persistent.cpp">
      <Filter>Game API</Filter>
    </ClCompile>
    <ClCompile Include="IGame_ObjectPool.cpp">
      <Filter>Game API\Objects</Filter>
    </ClCompile>
    <ClCompile Include="pure_relcase.cpp">
      <Filter>Game API\Objects</Filter>
    </ClCompile>
    <ClCompile Include="xr_object.cpp">
      <Filter>Game API\Objects</Filter>
    </ClCompile>
    <ClCompile Include="xr_object_list.cpp">
      <Filter>Game API\Objects</Filter>
    </ClCompile>
    <ClCompile Include="CustomHUD.cpp">
      <Filter>Game API\HUD</Filter>
    </ClCompile>
    <ClCompile Include="Environment.cpp">
      <Filter>Game API\Environment</Filter>
    </ClCompile>
    <ClCompile Include="Environment_misc.cpp">
      <Filter>Game API\Environment</Filter>
    </ClCompile>
    <ClCompile Include="Environment_render.cpp">
      <Filter>Game API\Environment</Filter>
    </ClCompile>
    <ClCompile Include="xrHemisphere.cpp">
      <Filter>Game API\Environment</Filter>
    </ClCompile>
    <ClCompile Include="Rain.cpp">
      <Filter>Game API\Environment\Effects</Filter>
    </ClCompile>
    <ClCompile Include="thunderbolt.cpp">
      <Filter>Game API\Environment\Effects</Filter>
    </ClCompile>
    <ClCompile Include="xr_efflensflare.cpp">
      <Filter>Game API\Environment\Effects</Filter>
    </ClCompile>
    <ClCompile Include="CameraBase.cpp">
      <Filter>Game API\Cameras</Filter>
    </ClCompile>
    <ClCompile Include="CameraManager.cpp">
      <Filter>Game API\Cameras</Filter>
    </ClCompile>
    <ClCompile Include="Effector.cpp">
      <Filter>Game API\Cameras</Filter>
    </ClCompile>
    <ClCompile Include="EffectorPP.cpp">
      <Filter>Game API\Cameras</Filter>
    </ClCompile>
    <ClCompile Include="cf_dynamic_mesh.cpp">
      <Filter>Game API\Collision</Filter>
    </ClCompile>
    <ClCompile Include="xr_area.cpp">
      <Filter>Game API\Collision</Filter>
    </ClCompile>
    <ClCompile Include="xr_area_query.cpp">
      <Filter>Game API\Collision</Filter>
    </ClCompile>
    <ClCompile Include="xr_area_raypick.cpp">
      <Filter>Game API\Collision</Filter>
    </ClCompile>
    <ClCompile Include="xr_collide_form.cpp">
      <Filter>Game API\Collision</Filter>
    </ClCompile>
    <ClCompile Include="bone.cpp">
      <Filter>Game API\Animator</Filter>
    </ClCompile>
    <ClCompile Include="Envelope.cpp">
      <Filter>Game API\Animator</Filter>
    </ClCompile>
    <ClCompile Include="interp.cpp">
      <Filter>Game API\Animator</Filter>
    </ClCompile>
    <ClCompile Include="motion.cpp">
      <Filter>Game API\Animator</Filter>
    </ClCompile>
    <ClCompile Include="ObjectAnimator.cpp">
      <Filter>Game API\Animator</Filter>
    </ClCompile>
    <ClCompile Include="Feel_Touch.cpp">
      <Filter>Game API\Feelers</Filter>
    </ClCompile>
    <ClCompile Include="Feel_Vision.cpp">
      <Filter>Game API\Feelers</Filter>
    </ClCompile>
    <ClCompile Include="FDemoPlay.cpp">
      <Filter>Game API\Demo</Filter>
    </ClCompile>
    <ClCompile Include="FDemoRecord.cpp">
      <Filter>Game API\Demo</Filter>
    </ClCompile>
    <ClCompile Include="GameMtlLib.cpp">
      <Filter>Game API\GameMaterials</Filter>
    </ClCompile>
    <ClCompile Include="GameMtlLib_Engine.cpp">
      <Filter>Game API\GameMaterials</Filter>
    </ClCompile>
    <ClCompile Include="Frustum.cpp">
      <Filter>Render\Visibility\Frustum</Filter>
    </ClCompile>
    <ClCompile Include="PS_instance.cpp">
      <Filter>Render\Particle system</Filter>
    </ClCompile>
    <ClCompile Include="LightAnimLibrary.cpp">
      <Filter>Render\Lighting</Filter>
    </ClCompile>
    <ClCompile Include="GameFont.cpp">
      <Filter>Render\Font output</Filter>
    </ClCompile>
    <ClCompile Include="MbHelpers.cpp">
      <Filter>Render\Font output</Filter>
    </ClCompile>
    <ClCompile Include="tntQAVI.cpp">
      <Filter>Render\Execution &amp; 3D\Shaders\Textures</Filter>
    </ClCompile>
    <ClCompile Include="xrImage_Resampler.cpp">
      <Filter>Render\Execution &amp; 3D\Shaders\Textures</Filter>
    </ClCompile>
    <ClCompile Include="xrTheora_Stream.cpp">
      <Filter>Render\Execution &amp; 3D\Shaders\Textures</Filter>
    </ClCompile>
    <ClCompile Include="xrTheora_Surface.cpp">
      <Filter>Render\Execution &amp; 3D\Shaders\Textures</Filter>
    </ClCompile>
    <ClCompile Include="xrTheora_Surface_mmx.cpp">
      <Filter>Render\Execution &amp; 3D\Shaders\Textures</Filter>
    </ClCompile>
    <ClCompile Include="Text_Console.cpp">
      <Filter>Render\Execution &amp; 3D\TextConsole</Filter>
    </ClCompile>
    <ClCompile Include="Text_Console_WndProc.cpp">
      <Filter>Render\Execution &amp; 3D\TextConsole</Filter>
    </ClCompile>
    <ClCompile Include="pure.cpp">
      <Filter>Engine</Filter>
    </ClCompile>
    <ClCompile Include="xrXRC.cpp">
      <Filter>Engine\Collision Core</Filter>
    </ClCompile>
    <ClCompile Include="XR_IOConsole.cpp">
      <Filter>Engine\Console</Filter>
    </ClCompile>
    <ClCompile Include="XR_IOConsole_callback.cpp">
      <Filter>Engine\Console</Filter>
    </ClCompile>
    <ClCompile Include="XR_IOConsole_get.cpp">
      <Filter>Engine\Console</Filter>
    </ClCompile>
    <ClCompile Include="xr_ioc_cmd.cpp">
      <Filter>Engine\Console\commands</Filter>
    </ClCompile>
    <ClCompile Include="Engine.cpp">
      <Filter>Engine\Core</Filter>
    </ClCompile>
    <ClCompile Include="EngineAPI.cpp">
      <Filter>Engine\Core</Filter>
    </ClCompile>
    <ClCompile Include="EventAPI.cpp">
      <Filter>Engine\Core</Filter>
    </ClCompile>
    <ClCompile Include="mailSlot.cpp">
      <Filter>Engine\Core</Filter>
    </ClCompile>
    <ClCompile Include="_scripting.cpp">
      <Filter>Engine\Core\Scripting</Filter>
    </ClCompile>
    <ClCompile Include="ai_script_lua_debug.cpp">
      <Filter>Engine\Core\Scripting</Filter>
    </ClCompile>
    <ClCompile Include="ai_script_lua_extension.cpp">
      <Filter>Engine\Core\Scripting</Filter>
    </ClCompile>
    <ClCompile Include="perlin.cpp">
      <Filter>Engine\Noise</Filter>
    </ClCompile>
    <ClCompile Include="line_editor.cpp">
      <Filter>Engine\text_editor\line_editor</Filter>
    </ClCompile>
    <ClCompile Include="line_edit_control.cpp">
      <Filter>Engine\text_editor\line_editor_control</Filter>
    </ClCompile>
    <ClCompile Include="edit_actions.cpp">
      <Filter>Engine\text_editor\edit_actions</Filter>
    </ClCompile>
    <ClCompile Include="device.cpp">
      <Filter>RenderRef\Execution &amp; 3D\Device</Filter>
    </ClCompile>
    <ClCompile Include="Device_create.cpp">
      <Filter>RenderRef\Execution &amp; 3D\Device</Filter>
    </ClCompile>
    <ClCompile Include="Device_destroy.cpp">
      <Filter>RenderRef\Execution &amp; 3D\Device</Filter>
    </ClCompile>
    <ClCompile Include="Device_Initialize.cpp">
      <Filter>RenderRef\Execution &amp; 3D\Device</Filter>
    </ClCompile>
    <ClCompile Include="Device_Misc.cpp">
      <Filter>RenderRef\Execution &amp; 3D\Device</Filter>
    </ClCompile>
    <ClCompile Include="Device_overdraw.cpp">
      <Filter>RenderRef\Execution &amp; 3D\Device</Filter>
    </ClCompile>
    <ClCompile Include="Device_wndproc.cpp">
      <Filter>RenderRef\Execution &amp; 3D\Device</Filter>
    </ClCompile>
    <ClCompile Include="StatGraph.cpp">
      <Filter>RenderRef\Execution &amp; 3D\Device</Filter>
    </ClCompile>
    <ClCompile Include="Stats.cpp">
      <Filter>RenderRef\Execution &amp; 3D\Device</Filter>
    </ClCompile>
    <ClCompile Include="fmesh.cpp">
      <Filter>RenderRef\Execution &amp; 3D\Visuals</Filter>
    </ClCompile>
    <ClCompile Include="SkeletonMotions.cpp">
      <Filter>RenderRef\Execution &amp; 3D\Visuals\Skeleton</Filter>
    </ClCompile>
    <ClCompile Include="doug_lea_memory_allocator.c">
      <Filter>RenderRef\doug_lea_memory_allocator</Filter>
    </ClCompile>
    <ClCompile Include="engine_impl.cpp">
      <Filter>editor\engine_impl</Filter>
    </ClCompile>
    <ClCompile Include="editor_environment_suns_manager.cpp">
      <Filter>editor\environment\suns_manager</Filter>
    </ClCompile>
    <ClCompile Include="editor_environment_suns_sun.cpp">
      <Filter>editor\environment\suns_manager\sun</Filter>
    </ClCompile>
    <ClCompile Include="editor_environment_suns_gradient.cpp">
      <Filter>editor\environment\suns_manager\sun\gradient</Filter>
    </ClCompile>
    <ClCompile Include="editor_environment_suns_blend.cpp">
      <Filter>editor\environment\suns_manager\sun\blend</Filter>
    </ClCompile>
    <ClCompile Include="editor_environment_suns_flares.cpp">
      <Filter>editor\environment\suns_manager\sun\flares</Filter>
    </ClCompile>
    <ClCompile Include="editor_environment_suns_flare.cpp">
      <Filter>editor\environment\suns_manager\sun\flares\flare</Filter>
    </ClCompile>
    <ClCompile Include="editor_environment_levels_manager.cpp">
      <Filter>editor\environment\levels_manager</Filter>
    </ClCompile>
    <ClCompile Include="editor_environment_effects_manager.cpp">
      <Filter>editor\environment\effects_manager</Filter>
    </ClCompile>
    <ClCompile Include="editor_environment_effects_effect.cpp">
      <Filter>editor\environment\effects_manager\effect</Filter>
    </ClCompile>
    <ClCompile Include="editor_environment_sound_channels_manager.cpp">
      <Filter>editor\environment\sound_channels_manager</Filter>
    </ClCompile>
    <ClCompile Include="editor_environment_sound_channels_channel.cpp">
      <Filter>editor\environment\sound_channels_manager\channel</Filter>
    </ClCompile>
    <ClCompile Include="editor_environment_sound_channels_source.cpp">
      <Filter>editor\environment\sound_channels_manager\channel\source</Filter>
    </ClCompile>
    <ClCompile Include="editor_environment_manager.cpp">
      <Filter>editor\environment\manager</Filter>
    </ClCompile>
    <ClCompile Include="editor_environment_manager_properties.cpp">
      <Filter>editor\environment\manager</Filter>
    </ClCompile>
    <ClCompile Include="editor_environment_ambients_manager.cpp">
      <Filter>editor\environment\ambients</Filter>
    </ClCompile>
    <ClCompile Include="editor_environment_ambients_ambient.cpp">
      <Filter>editor\environment\ambients\ambient</Filter>
    </ClCompile>
    <ClCompile Include="editor_environment_ambients_effect_id.cpp">
      <Filter>editor\environment\ambients\ambient\effect_id</Filter>
    </ClCompile>
    <ClCompile Include="editor_environment_ambients_sound_id.cpp">
      <Filter>editor\environment\ambients\ambient\sound_id</Filter>
    </ClCompile>
    <ClCompile Include="editor_environment_thunderbolts_manager.cpp">
      <Filter>editor\environment\thunderbolts</Filter>
    </ClCompile>
    <ClCompile Include="editor_environment_thunderbolts_thunderbolt.cpp">
      <Filter>editor\environment\thunderbolts\thunderbolt</Filter>
    </ClCompile>
    <ClCompile Include="editor_environment_thunderbolts_gradient.cpp">
      <Filter>editor\environment\thunderbolts\thunderbolt\gradient</Filter>
    </ClCompile>
    <ClCompile Include="editor_environment_thunderbolts_thunderbolt_id.cpp">
      <Filter>editor\environment\thunderbolts\thunderbolt_id</Filter>
    </ClCompile>
    <ClCompile Include="editor_environment_thunderbolts_collection.cpp">
      <Filter>editor\environment\thunderbolts\collection</Filter>
    </ClCompile>
    <ClCompile Include="editor_environment_weathers_manager.cpp">
      <Filter>editor\environment\weathers</Filter>
    </ClCompile>
    <ClCompile Include="editor_environment_weathers_weather.cpp">
      <Filter>editor\environment\weathers\weather</Filter>
    </ClCompile>
    <ClCompile Include="editor_environment_weathers_time.cpp">
      <Filter>editor\environment\weathers\weather\time</Filter>
    </ClCompile>
    <ClCompile Include="editor_environment_detail.cpp">
      <Filter>editor\environment\detail</Filter>
    </ClCompile>
    <ClCompile Include="xrSASH.cpp">
      <Filter>OpenAutomate</Filter>
    </ClCompile>
  </ItemGroup>
  <ItemGroup>
    <ResourceCompile Include="resource.rc">
      <Filter>General\Resources</Filter>
    </ResourceCompile>
  </ItemGroup>
  <ItemGroup>
    <Image Include="splash_xrcs_en.bmp">
      <Filter>General\Resources</Filter>
    </Image>
    <Image Include="stalker_cs.ico">
      <Filter>General\Resources</Filter>
    </Image>
  </ItemGroup>
  <ItemGroup>
    <Text Include="ClientServer.txt" />
    <Text Include="Effects description.txt" />
    <Text Include="features.txt" />
    <Text Include="TODO.txt" />
  </ItemGroup>
</Project>